
Microsoft Visual Studio Solution File, Format Version 11.00
# Visual Studio 2010
Project("{FAE04EC0-301F-11D3-BF4B-00C04F79EFBC}") = "TeamProjectManager.Shell", "TeamProjectManager.Shell\TeamProjectManager.Shell.csproj", "{EFFC5209-CB25-4DAC-93F4-F0D4655F16E1}"
EndProject
Project("{FAE04EC0-301F-11D3-BF4B-00C04F79EFBC}") = "TeamProjectManager.Modules.BuildProcessTemplates", "TeamProjectManager.Modules.BuildProcessTemplates\TeamProjectManager.Modules.BuildProcessTemplates.csproj", "{BDCA8650-C32C-4131-A622-DDA98C43656C}"
EndProject
Project("{FAE04EC0-301F-11D3-BF4B-00C04F79EFBC}") = "TeamProjectManager.Common", "TeamProjectManager.Common\TeamProjectManager.Common.csproj", "{6034E65E-4E00-46FA-B683-65AB8F3C47E7}"
EndProject
Project("{FAE04EC0-301F-11D3-BF4B-00C04F79EFBC}") = "TeamProjectManager.Modules.WorkItemConfiguration", "TeamProjectManager.Modules.WorkItemConfiguration\TeamProjectManager.Modules.WorkItemConfiguration.csproj", "{9A98F323-3B0D-41C3-9A6C-383DA3869FE7}"
EndProject
Project("{2150E333-8FDC-42A3-9474-1A3956D46DE8}") = "Solution Items", "Solution Items", "{418CF9CB-5595-4268-B745-1F8A659D84D1}"
	ProjectSection(SolutionItems) = preProject
		TeamProjectManager.snk = TeamProjectManager.snk
	EndProjectSection
EndProject
Project("{FAE04EC0-301F-11D3-BF4B-00C04F79EFBC}") = "TeamProjectManager.Modules.SourceControl", "TeamProjectManager.Modules.SourceControl\TeamProjectManager.Modules.SourceControl.csproj", "{FA594433-69DA-461E-9C57-6483529214EA}"
EndProject
Project("{2150E333-8FDC-42A3-9474-1A3956D46DE8}") = "Resources", "Resources", "{B9D7B2AC-66F2-4AB7-B50F-A5ED7EEE4C9E}"
	ProjectSection(SolutionItems) = preProject
		Resources\BuildDefinitions-Update.png = Resources\BuildDefinitions-Update.png
		Resources\BuildDefinitions-ViewUpdateDelete.png = Resources\BuildDefinitions-ViewUpdateDelete.png
		Resources\BuildProcessTemplates-RegisterUpdate.png = Resources\BuildProcessTemplates-RegisterUpdate.png
		Resources\BuildProcessTemplates-ViewUnregister.png = Resources\BuildProcessTemplates-ViewUnregister.png
		Resources\Security-AddGroup.png = Resources\Security-AddGroup.png
		Resources\Security-ViewDeleteGroups.png = Resources\Security-ViewDeleteGroups.png
		Resources\SourceControl-UpdateSettings.png = Resources\SourceControl-UpdateSettings.png
		Resources\SourceControl-ViewLatestChangesets.png = Resources\SourceControl-ViewLatestChangesets.png
		Resources\SourceControl-ViewSettings.png = Resources\SourceControl-ViewSettings.png
		Resources\WikiDocumentation.txt = Resources\WikiDocumentation.txt
		Resources\WikiHomepage.txt = Resources\WikiHomepage.txt
		Resources\WorkItemCategories-UpdateImport.png = Resources\WorkItemCategories-UpdateImport.png
		Resources\WorkItemCategories-ViewDelete.png = Resources\WorkItemCategories-ViewDelete.png
		Resources\WorkItemConfiguration-Compare.png = Resources\WorkItemConfiguration-Compare.png
		Resources\WorkItemConfiguration-CompareDetails.png = Resources\WorkItemConfiguration-CompareDetails.png
		Resources\WorkItemConfiguration-Import.png = Resources\WorkItemConfiguration-Import.png
		Resources\WorkItemConfiguration-Search.png = Resources\WorkItemConfiguration-Search.png
		Resources\WorkItemConfiguration-ViewExportDelete.png = Resources\WorkItemConfiguration-ViewExportDelete.png
	EndProjectSection
EndProject
Project("{FAE04EC0-301F-11D3-BF4B-00C04F79EFBC}") = "TeamProjectManager.Modules.Security", "TeamProjectManager.Modules.Security\TeamProjectManager.Modules.Security.csproj", "{412C41B9-CE97-47CA-9607-BBC22418B547}"
EndProject
Project("{FAE04EC0-301F-11D3-BF4B-00C04F79EFBC}") = "TeamProjectManager.Modules.BuildDefinitions", "TeamProjectManager.Modules.BuildDefinitions\TeamProjectManager.Modules.BuildDefinitions.csproj", "{59B5B1FA-EB79-430B-83CF-C1F9419AF573}"
EndProject
Global
	GlobalSection(TeamFoundationVersionControl) = preSolution
		SccNumberOfProjects = 8
		SccEnterpriseProvider = {4CA58AB2-18FA-4F8D-95D4-32DDF27D184C}
		SccTeamFoundationServer = https://tfs.codeplex.com/tfs/tfs06
		SccLocalPath0 = .
		SccProjectUniqueName1 = TeamProjectManager.Common\\TeamProjectManager.Common.csproj
		SccProjectName1 = TeamProjectManager.Common
		SccLocalPath1 = TeamProjectManager.Common
		SccProjectUniqueName2 = TeamProjectManager.Modules.BuildProcessTemplates\\TeamProjectManager.Modules.BuildProcessTemplates.csproj
		SccProjectName2 = TeamProjectManager.Modules.BuildProcessTemplates
		SccLocalPath2 = TeamProjectManager.Modules.BuildProcessTemplates
		SccProjectUniqueName3 = TeamProjectManager.Modules.WorkItemConfiguration\\TeamProjectManager.Modules.WorkItemConfiguration.csproj
		SccProjectName3 = TeamProjectManager.Modules.WorkItemConfiguration
		SccLocalPath3 = TeamProjectManager.Modules.WorkItemConfiguration
		SccProjectUniqueName4 = TeamProjectManager.Shell\\TeamProjectManager.Shell.csproj
		SccProjectName4 = TeamProjectManager.Shell
		SccLocalPath4 = TeamProjectManager.Shell
		SccProjectUniqueName5 = TeamProjectManager.Modules.SourceControl\\TeamProjectManager.Modules.SourceControl.csproj
		SccProjectName5 = TeamProjectManager.Modules.SourceControl
		SccLocalPath5 = TeamProjectManager.Modules.SourceControl
		SccProjectUniqueName6 = TeamProjectManager.Modules.Security\\TeamProjectManager.Modules.Security.csproj
		SccProjectName6 = TeamProjectManager.Modules.Security
		SccLocalPath6 = TeamProjectManager.Modules.Security
		SccProjectUniqueName7 = TeamProjectManager.Modules.BuildDefinitions\\TeamProjectManager.Modules.BuildDefinitions.csproj
		SccProjectName7 = TeamProjectManager.Modules.BuildDefinitions
		SccLocalPath7 = TeamProjectManager.Modules.BuildDefinitions
	EndGlobalSection
	GlobalSection(SolutionConfigurationPlatforms) = preSolution
		Debug|Any CPU = Debug|Any CPU
		Debug|Mixed Platforms = Debug|Mixed Platforms
		Release|Any CPU = Release|Any CPU
		Release|Mixed Platforms = Release|Mixed Platforms
	EndGlobalSection
	GlobalSection(ProjectConfigurationPlatforms) = postSolution
		{EFFC5209-CB25-4DAC-93F4-F0D4655F16E1}.Debug|Any CPU.ActiveCfg = Debug|x86
		{EFFC5209-CB25-4DAC-93F4-F0D4655F16E1}.Debug|Mixed Platforms.ActiveCfg = Debug|x86
		{EFFC5209-CB25-4DAC-93F4-F0D4655F16E1}.Debug|Mixed Platforms.Build.0 = Debug|x86
		{EFFC5209-CB25-4DAC-93F4-F0D4655F16E1}.Release|Any CPU.ActiveCfg = Release|x86
		{EFFC5209-CB25-4DAC-93F4-F0D4655F16E1}.Release|Mixed Platforms.ActiveCfg = Release|x86
		{EFFC5209-CB25-4DAC-93F4-F0D4655F16E1}.Release|Mixed Platforms.Build.0 = Release|x86
		{BDCA8650-C32C-4131-A622-DDA98C43656C}.Debug|Any CPU.ActiveCfg = Debug|Any CPU
		{BDCA8650-C32C-4131-A622-DDA98C43656C}.Debug|Any CPU.Build.0 = Debug|Any CPU
		{BDCA8650-C32C-4131-A622-DDA98C43656C}.Debug|Mixed Platforms.ActiveCfg = Debug|Any CPU
		{BDCA8650-C32C-4131-A622-DDA98C43656C}.Debug|Mixed Platforms.Build.0 = Debug|Any CPU
		{BDCA8650-C32C-4131-A622-DDA98C43656C}.Release|Any CPU.ActiveCfg = Release|Any CPU
		{BDCA8650-C32C-4131-A622-DDA98C43656C}.Release|Any CPU.Build.0 = Release|Any CPU
		{BDCA8650-C32C-4131-A622-DDA98C43656C}.Release|Mixed Platforms.ActiveCfg = Release|Any CPU
		{BDCA8650-C32C-4131-A622-DDA98C43656C}.Release|Mixed Platforms.Build.0 = Release|Any CPU
		{6034E65E-4E00-46FA-B683-65AB8F3C47E7}.Debug|Any CPU.ActiveCfg = Debug|Any CPU
		{6034E65E-4E00-46FA-B683-65AB8F3C47E7}.Debug|Any CPU.Build.0 = Debug|Any CPU
		{6034E65E-4E00-46FA-B683-65AB8F3C47E7}.Debug|Mixed Platforms.ActiveCfg = Debug|Any CPU
		{6034E65E-4E00-46FA-B683-65AB8F3C47E7}.Debug|Mixed Platforms.Build.0 = Debug|Any CPU
		{6034E65E-4E00-46FA-B683-65AB8F3C47E7}.Release|Any CPU.ActiveCfg = Release|Any CPU
		{6034E65E-4E00-46FA-B683-65AB8F3C47E7}.Release|Any CPU.Build.0 = Release|Any CPU
		{6034E65E-4E00-46FA-B683-65AB8F3C47E7}.Release|Mixed Platforms.ActiveCfg = Release|Any CPU
		{6034E65E-4E00-46FA-B683-65AB8F3C47E7}.Release|Mixed Platforms.Build.0 = Release|Any CPU
		{9A98F323-3B0D-41C3-9A6C-383DA3869FE7}.Debug|Any CPU.ActiveCfg = Debug|Any CPU
		{9A98F323-3B0D-41C3-9A6C-383DA3869FE7}.Debug|Any CPU.Build.0 = Debug|Any CPU
		{9A98F323-3B0D-41C3-9A6C-383DA3869FE7}.Debug|Mixed Platforms.ActiveCfg = Debug|Any CPU
		{9A98F323-3B0D-41C3-9A6C-383DA3869FE7}.Debug|Mixed Platforms.Build.0 = Debug|Any CPU
		{9A98F323-3B0D-41C3-9A6C-383DA3869FE7}.Release|Any CPU.ActiveCfg = Release|Any CPU
		{9A98F323-3B0D-41C3-9A6C-383DA3869FE7}.Release|Any CPU.Build.0 = Release|Any CPU
		{9A98F323-3B0D-41C3-9A6C-383DA3869FE7}.Release|Mixed Platforms.ActiveCfg = Release|Any CPU
		{9A98F323-3B0D-41C3-9A6C-383DA3869FE7}.Release|Mixed Platforms.Build.0 = Release|Any CPU
		{FA594433-69DA-461E-9C57-6483529214EA}.Debug|Any CPU.ActiveCfg = Debug|Any CPU
		{FA594433-69DA-461E-9C57-6483529214EA}.Debug|Any CPU.Build.0 = Debug|Any CPU
		{FA594433-69DA-461E-9C57-6483529214EA}.Debug|Mixed Platforms.ActiveCfg = Debug|Any CPU
		{FA594433-69DA-461E-9C57-6483529214EA}.Debug|Mixed Platforms.Build.0 = Debug|Any CPU
		{FA594433-69DA-461E-9C57-6483529214EA}.Release|Any CPU.ActiveCfg = Release|Any CPU
		{FA594433-69DA-461E-9C57-6483529214EA}.Release|Any CPU.Build.0 = Release|Any CPU
		{FA594433-69DA-461E-9C57-6483529214EA}.Release|Mixed Platforms.ActiveCfg = Release|Any CPU
		{FA594433-69DA-461E-9C57-6483529214EA}.Release|Mixed Platforms.Build.0 = Release|Any CPU
		{412C41B9-CE97-47CA-9607-BBC22418B547}.Debug|Any CPU.ActiveCfg = Debug|Any CPU
		{412C41B9-CE97-47CA-9607-BBC22418B547}.Debug|Any CPU.Build.0 = Debug|Any CPU
		{412C41B9-CE97-47CA-9607-BBC22418B547}.Debug|Mixed Platforms.ActiveCfg = Debug|Any CPU
		{412C41B9-CE97-47CA-9607-BBC22418B547}.Debug|Mixed Platforms.Build.0 = Debug|Any CPU
		{412C41B9-CE97-47CA-9607-BBC22418B547}.Release|Any CPU.ActiveCfg = Release|Any CPU
		{412C41B9-CE97-47CA-9607-BBC22418B547}.Release|Any CPU.Build.0 = Release|Any CPU
		{412C41B9-CE97-47CA-9607-BBC22418B547}.Release|Mixed Platforms.ActiveCfg = Release|Any CPU
		{412C41B9-CE97-47CA-9607-BBC22418B547}.Release|Mixed Platforms.Build.0 = Release|Any CPU
		{59B5B1FA-EB79-430B-83CF-C1F9419AF573}.Debug|Any CPU.ActiveCfg = Debug|Any CPU
		{59B5B1FA-EB79-430B-83CF-C1F9419AF573}.Debug|Any CPU.Build.0 = Debug|Any CPU
		{59B5B1FA-EB79-430B-83CF-C1F9419AF573}.Debug|Mixed Platforms.ActiveCfg = Debug|Any CPU
		{59B5B1FA-EB79-430B-83CF-C1F9419AF573}.Debug|Mixed Platforms.Build.0 = Debug|Any CPU
		{59B5B1FA-EB79-430B-83CF-C1F9419AF573}.Release|Any CPU.ActiveCfg = Release|Any CPU
		{59B5B1FA-EB79-430B-83CF-C1F9419AF573}.Release|Any CPU.Build.0 = Release|Any CPU
		{59B5B1FA-EB79-430B-83CF-C1F9419AF573}.Release|Mixed Platforms.ActiveCfg = Release|Any CPU
		{59B5B1FA-EB79-430B-83CF-C1F9419AF573}.Release|Mixed Platforms.Build.0 = Release|Any CPU
	EndGlobalSection
	GlobalSection(SolutionProperties) = preSolution
		HideSolutionNode = FALSE
	EndGlobalSection
EndGlobal
